{
  "object": {
    "pins": [
      {
        "package": "Lottie",
        "repositoryURL": "https://github.com/airbnb/lottie-ios/",
        "state": {
          "branch": null,
          "revision": "4ca8023b820b7d5d5ae1e2637c046e3dab0f45d0",
          "version": "3.4.2"
        }
      },
      {
        "package": "SnapKit",
        "repositoryURL": "https://github.com/SnapKit/SnapKit",
        "state": {
          "branch": "develop",
          "revision": "07c5d1f6044701d97e94dc11157259e8811977be",
          "version": null
        }
      }
    ]
  },
  "version": 1
}
